{
  "requires": true,
  "lockfileVersion": 1,
  "dependencies": {
    "ng2-accordion": {
      "version": "0.0.15",
      "resolved": "https://registry.npmjs.org/ng2-accordion/-/ng2-accordion-0.0.15.tgz",
      "integrity": "sha1-u5923ZqPm+9ODAj4I5aqKVjwdrY="
    },
    "ngx-accordion": {
      "version": "0.0.17",
      "resolved": "https://registry.npmjs.org/ngx-accordion/-/ngx-accordion-0.0.17.tgz",
      "integrity": "sha1-By7lzSXBFeRfjTWnkGxcneEgBr0="
    }
  }
}
